// !$*UTF8*$!
{
	archiveVersion = 1;
	classes = {
	};
	objectVersion = 56;
	objects = {

/* Begin PBXBuildFile section */
		2F79A377EF8E3316880BCD65 /* Pods_RickAndMortyApp_RickAndMortyAppUITests.framework in Frameworks */ = {isa = PBXBuildFile; fileRef = 08A5E33ACE046AE5E1D73F14 /* Pods_RickAndMortyApp_RickAndMortyAppUITests.framework */; };
		573143B82A0B04960087AAAE /* APIManager.swift in Sources */ = {isa = PBXBuildFile; fileRef = 573143B72A0B04960087AAAE /* APIManager.swift */; };
		573143BB2A0B092E0087AAAE /* APIManagerProvider.swift in Sources */ = {isa = PBXBuildFile; fileRef = 573143BA2A0B092E0087AAAE /* APIManagerProvider.swift */; };
		573143BD2A0B09420087AAAE /* APIManagerFactory.swift in Sources */ = {isa = PBXBuildFile; fileRef = 573143BC2A0B09420087AAAE /* APIManagerFactory.swift */; };
		573143C12A0B0EC20087AAAE /* CharacterListViewModel.swift in Sources */ = {isa = PBXBuildFile; fileRef = 573143C02A0B0EC20087AAAE /* CharacterListViewModel.swift */; };
		573143C32A0B28190087AAAE /* Api.plist in Resources */ = {isa = PBXBuildFile; fileRef = 573143C22A0B28190087AAAE /* Api.plist */; };
		573143C62A0B2EA80087AAAE /* CharacterListResponse.swift in Sources */ = {isa = PBXBuildFile; fileRef = 573143C52A0B2EA80087AAAE /* CharacterListResponse.swift */; };
		574A276D2A0ADBAD002C2DB2 /* AppDelegate.swift in Sources */ = {isa = PBXBuildFile; fileRef = 574A276C2A0ADBAD002C2DB2 /* AppDelegate.swift */; };
		574A276F2A0ADBAD002C2DB2 /* SceneDelegate.swift in Sources */ = {isa = PBXBuildFile; fileRef = 574A276E2A0ADBAD002C2DB2 /* SceneDelegate.swift */; };
		574A27712A0ADBAD002C2DB2 /* ViewController.swift in Sources */ = {isa = PBXBuildFile; fileRef = 574A27702A0ADBAD002C2DB2 /* ViewController.swift */; };
		574A27762A0ADBAE002C2DB2 /* Assets.xcassets in Resources */ = {isa = PBXBuildFile; fileRef = 574A27752A0ADBAE002C2DB2 /* Assets.xcassets */; };
		574A27792A0ADBAE002C2DB2 /* LaunchScreen.storyboard in Resources */ = {isa = PBXBuildFile; fileRef = 574A27772A0ADBAE002C2DB2 /* LaunchScreen.storyboard */; };
		574A27842A0ADBAE002C2DB2 /* RickAndMortyAppTests.swift in Sources */ = {isa = PBXBuildFile; fileRef = 574A27832A0ADBAE002C2DB2 /* RickAndMortyAppTests.swift */; };
		574A278E2A0ADBAE002C2DB2 /* RickAndMortyAppUITests.swift in Sources */ = {isa = PBXBuildFile; fileRef = 574A278D2A0ADBAE002C2DB2 /* RickAndMortyAppUITests.swift */; };
		574A27902A0ADBAE002C2DB2 /* RickAndMortyAppUITestsLaunchTests.swift in Sources */ = {isa = PBXBuildFile; fileRef = 574A278F2A0ADBAE002C2DB2 /* RickAndMortyAppUITestsLaunchTests.swift */; };
		66580C8FEAE072BEC1566E08 /* Pods_RickAndMortyApp.framework in Frameworks */ = {isa = PBXBuildFile; fileRef = 723055B6F4A166A4B6B5242D /* Pods_RickAndMortyApp.framework */; };
		EAC1DE219E1A20F069FEE157 /* Pods_RickAndMortyAppTests.framework in Frameworks */ = {isa = PBXBuildFile; fileRef = 38B69E89364155A6812B6DD7 /* Pods_RickAndMortyAppTests.framework */; };
/* End PBXBuildFile section */

/* Begin PBXContainerItemProxy section */
		574A27802A0ADBAE002C2DB2 /* PBXContainerItemProxy */ = {
			isa = PBXContainerItemProxy;
			containerPortal = 574A27612A0ADBAD002C2DB2 /* Project object */;
			proxyType = 1;
			remoteGlobalIDString = 574A27682A0ADBAD002C2DB2;
			remoteInfo = RickAndMortyApp;
		};
		574A278A2A0ADBAE002C2DB2 /* PBXContainerItemProxy */ = {
			isa = PBXContainerItemProxy;
			containerPortal = 574A27612A0ADBAD002C2DB2 /* Project object */;
			proxyType = 1;
			remoteGlobalIDString = 574A27682A0ADBAD002C2DB2;
			remoteInfo = RickAndMortyApp;
		};
/* End PBXContainerItemProxy section */

/* Begin PBXFileReference section */
		08A5E33ACE046AE5E1D73F14 /* Pods_RickAndMortyApp_RickAndMortyAppUITests.framework */ = {isa = PBXFileReference; explicitFileType = wrapper.framework; includeInIndex = 0; path = Pods_RickAndMortyApp_RickAndMortyAppUITests.framework; sourceTree = BUILT_PRODUCTS_DIR; };
		38B69E89364155A6812B6DD7 /* Pods_RickAndMortyAppTests.framework */ = {isa = PBXFileReference; explicitFileType = wrapper.framework; includeInIndex = 0; path = Pods_RickAndMortyAppTests.framework; sourceTree = BUILT_PRODUCTS_DIR; };
		573143B72A0B04960087AAAE /* APIManager.swift */ = {isa = PBXFileReference; lastKnownFileType = sourcecode.swift; path = APIManager.swift; sourceTree = "<group>"; };
		573143BA2A0B092E0087AAAE /* APIManagerProvider.swift */ = {isa = PBXFileReference; lastKnownFileType = sourcecode.swift; path = APIManagerProvider.swift; sourceTree = "<group>"; };
		573143BC2A0B09420087AAAE /* APIManagerFactory.swift */ = {isa = PBXFileReference; lastKnownFileType = sourcecode.swift; path = APIManagerFactory.swift; sourceTree = "<group>"; };
		573143C02A0B0EC20087AAAE /* CharacterListViewModel.swift */ = {isa = PBXFileReference; lastKnownFileType = sourcecode.swift; path = CharacterListViewModel.swift; sourceTree = "<group>"; };
		573143C22A0B28190087AAAE /* Api.plist */ = {isa = PBXFileReference; lastKnownFileType = text.plist.xml; path = Api.plist; sourceTree = "<group>"; };
		573143C52A0B2EA80087AAAE /* CharacterListResponse.swift */ = {isa = PBXFileReference; lastKnownFileType = sourcecode.swift; path = CharacterListResponse.swift; sourceTree = "<group>"; };
		574A27692A0ADBAD002C2DB2 /* RickAndMortyApp.app */ = {isa = PBXFileReference; explicitFileType = wrapper.application; includeInIndex = 0; path = RickAndMortyApp.app; sourceTree = BUILT_PRODUCTS_DIR; };
		574A276C2A0ADBAD002C2DB2 /* AppDelegate.swift */ = {isa = PBXFileReference; lastKnownFileType = sourcecode.swift; path = AppDelegate.swift; sourceTree = "<group>"; };
		574A276E2A0ADBAD002C2DB2 /* SceneDelegate.swift */ = {isa = PBXFileReference; lastKnownFileType = sourcecode.swift; path = SceneDelegate.swift; sourceTree = "<group>"; };
		574A27702A0ADBAD002C2DB2 /* ViewController.swift */ = {isa = PBXFileReference; lastKnownFileType = sourcecode.swift; path = ViewController.swift; sourceTree = "<group>"; };
		574A27752A0ADBAE002C2DB2 /* Assets.xcassets */ = {isa = PBXFileReference; lastKnownFileType = folder.assetcatalog; path = Assets.xcassets; sourceTree = "<group>"; };
		574A27782A0ADBAE002C2DB2 /* Base */ = {isa = PBXFileReference; lastKnownFileType = file.storyboard; name = Base; path = Base.lproj/LaunchScreen.storyboard; sourceTree = "<group>"; };
		574A277A2A0ADBAE002C2DB2 /* Info.plist */ = {isa = PBXFileReference; lastKnownFileType = text.plist.xml; path = Info.plist; sourceTree = "<group>"; };
		574A277F2A0ADBAE002C2DB2 /* RickAndMortyAppTests.xctest */ = {isa = PBXFileReference; explicitFileType = wrapper.cfbundle; includeInIndex = 0; path = RickAndMortyAppTests.xctest; sourceTree = BUILT_PRODUCTS_DIR; };
		574A27832A0ADBAE002C2DB2 /* RickAndMortyAppTests.swift */ = {isa = PBXFileReference; lastKnownFileType = sourcecode.swift; path = RickAndMortyAppTests.swift; sourceTree = "<group>"; };
		574A27892A0ADBAE002C2DB2 /* RickAndMortyAppUITests.xctest */ = {isa = PBXFileReference; explicitFileType = wrapper.cfbundle; includeInIndex = 0; path = RickAndMortyAppUITests.xctest; sourceTree = BUILT_PRODUCTS_DIR; };
		574A278D2A0ADBAE002C2DB2 /* RickAndMortyAppUITests.swift */ = {isa = PBXFileReference; lastKnownFileType = sourcecode.swift; path = RickAndMortyAppUITests.swift; sourceTree = "<group>"; };
		574A278F2A0ADBAE002C2DB2 /* RickAndMortyAppUITestsLaunchTests.swift */ = {isa = PBXFileReference; lastKnownFileType = sourcecode.swift; path = RickAndMortyAppUITestsLaunchTests.swift; sourceTree = "<group>"; };
		723055B6F4A166A4B6B5242D /* Pods_RickAndMortyApp.framework */ = {isa = PBXFileReference; explicitFileType = wrapper.framework; includeInIndex = 0; path = Pods_RickAndMortyApp.framework; sourceTree = BUILT_PRODUCTS_DIR; };
		79EC0FE004C0F3B6C99E512F /* Pods-RickAndMortyApp-RickAndMortyAppUITests.debug.xcconfig */ = {isa = PBXFileReference; includeInIndex = 1; lastKnownFileType = text.xcconfig; name = "Pods-RickAndMortyApp-RickAndMortyAppUITests.debug.xcconfig"; path = "Target Support Files/Pods-RickAndMortyApp-RickAndMortyAppUITests/Pods-RickAndMortyApp-RickAndMortyAppUITests.debug.xcconfig"; sourceTree = "<group>"; };
		7BF26F7CD86D94A283573F26 /* Pods-RickAndMortyApp.debug.xcconfig */ = {isa = PBXFileReference; includeInIndex = 1; lastKnownFileType = text.xcconfig; name = "Pods-RickAndMortyApp.debug.xcconfig"; path = "Target Support Files/Pods-RickAndMortyApp/Pods-RickAndMortyApp.debug.xcconfig"; sourceTree = "<group>"; };
		C440449AEADAEF95870B51C1 /* Pods-RickAndMortyAppTests.release.xcconfig */ = {isa = PBXFileReference; includeInIndex = 1; lastKnownFileType = text.xcconfig; name = "Pods-RickAndMortyAppTests.release.xcconfig"; path = "Target Support Files/Pods-RickAndMortyAppTests/Pods-RickAndMortyAppTests.release.xcconfig"; sourceTree = "<group>"; };
		C929ACA9BA52D30721F1E29A /* Pods-RickAndMortyApp.release.xcconfig */ = {isa = PBXFileReference; includeInIndex = 1; lastKnownFileType = text.xcconfig; name = "Pods-RickAndMortyApp.release.xcconfig"; path = "Target Support Files/Pods-RickAndMortyApp/Pods-RickAndMortyApp.release.xcconfig"; sourceTree = "<group>"; };
		DB038692B075435826E8B840 /* Pods-RickAndMortyApp-RickAndMortyAppUITests.release.xcconfig */ = {isa = PBXFileReference; includeInIndex = 1; lastKnownFileType = text.xcconfig; name = "Pods-RickAndMortyApp-RickAndMortyAppUITests.release.xcconfig"; path = "Target Support Files/Pods-RickAndMortyApp-RickAndMortyAppUITests/Pods-RickAndMortyApp-RickAndMortyAppUITests.release.xcconfig"; sourceTree = "<group>"; };
		E839649BDE15CD563261AE47 /* Pods-RickAndMortyAppTests.debug.xcconfig */ = {isa = PBXFileReference; includeInIndex = 1; lastKnownFileType = text.xcconfig; name = "Pods-RickAndMortyAppTests.debug.xcconfig"; path = "Target Support Files/Pods-RickAndMortyAppTests/Pods-RickAndMortyAppTests.debug.xcconfig"; sourceTree = "<group>"; };
/* End PBXFileReference section */

/* Begin PBXFrameworksBuildPhase section */
		574A27662A0ADBAD002C2DB2 /* Frameworks */ = {
			isa = PBXFrameworksBuildPhase;
			buildActionMask = 2147483647;
			files = (
				66580C8FEAE072BEC1566E08 /* Pods_RickAndMortyApp.framework in Frameworks */,
			);
			runOnlyForDeploymentPostprocessing = 0;
		};
		574A277C2A0ADBAE002C2DB2 /* Frameworks */ = {
			isa = PBXFrameworksBuildPhase;
			buildActionMask = 2147483647;
			files = (
				EAC1DE219E1A20F069FEE157 /* Pods_RickAndMortyAppTests.framework in Frameworks */,
			);
			runOnlyForDeploymentPostprocessing = 0;
		};
		574A27862A0ADBAE002C2DB2 /* Frameworks */ = {
			isa = PBXFrameworksBuildPhase;
			buildActionMask = 2147483647;
			files = (
				2F79A377EF8E3316880BCD65 /* Pods_RickAndMortyApp_RickAndMortyAppUITests.framework in Frameworks */,
			);
			runOnlyForDeploymentPostprocessing = 0;
		};
/* End PBXFrameworksBuildPhase section */

/* Begin PBXGroup section */
		573143B92A0B08E10087AAAE /* API */ = {
			isa = PBXGroup;
			children = (
				573143B72A0B04960087AAAE /* APIManager.swift */,
				573143BA2A0B092E0087AAAE /* APIManagerProvider.swift */,
				573143BC2A0B09420087AAAE /* APIManagerFactory.swift */,
			);
			path = API;
			sourceTree = "<group>";
		};
		573143BF2A0B0DF30087AAAE /* ListCharacter */ = {
			isa = PBXGroup;
			children = (
				573143C02A0B0EC20087AAAE /* CharacterListViewModel.swift */,
			);
			path = ListCharacter;
			sourceTree = "<group>";
		};
		573143C42A0B2E7C0087AAAE /* Model */ = {
			isa = PBXGroup;
			children = (
				573143C52A0B2EA80087AAAE /* CharacterListResponse.swift */,
			);
			path = Model;
			sourceTree = "<group>";
		};
		574A27602A0ADBAD002C2DB2 = {
			isa = PBXGroup;
			children = (
				574A276B2A0ADBAD002C2DB2 /* RickAndMortyApp */,
				574A27822A0ADBAE002C2DB2 /* RickAndMortyAppTests */,
				574A278C2A0ADBAE002C2DB2 /* RickAndMortyAppUITests */,
				574A276A2A0ADBAD002C2DB2 /* Products */,
				7FDC473CD8BA50571F5E08DD /* Pods */,
				8B067C65CE4CC350C0063BD2 /* Frameworks */,
			);
			sourceTree = "<group>";
		};
		574A276A2A0ADBAD002C2DB2 /* Products */ = {
			isa = PBXGroup;
			children = (
				574A27692A0ADBAD002C2DB2 /* RickAndMortyApp.app */,
				574A277F2A0ADBAE002C2DB2 /* RickAndMortyAppTests.xctest */,
				574A27892A0ADBAE002C2DB2 /* RickAndMortyAppUITests.xctest */,
			);
			name = Products;
			sourceTree = "<group>";
		};
		574A276B2A0ADBAD002C2DB2 /* RickAndMortyApp */ = {
			isa = PBXGroup;
			children = (
				574A279F2A0ADF88002C2DB2 /* Resources */,
				574A279C2A0ADE45002C2DB2 /* Sources */,
			);
			path = RickAndMortyApp;
			sourceTree = "<group>";
		};
		574A27822A0ADBAE002C2DB2 /* RickAndMortyAppTests */ = {
			isa = PBXGroup;
			children = (
				574A27832A0ADBAE002C2DB2 /* RickAndMortyAppTests.swift */,
			);
			path = RickAndMortyAppTests;
			sourceTree = "<group>";
		};
		574A278C2A0ADBAE002C2DB2 /* RickAndMortyAppUITests */ = {
			isa = PBXGroup;
			children = (
				574A278D2A0ADBAE002C2DB2 /* RickAndMortyAppUITests.swift */,
				574A278F2A0ADBAE002C2DB2 /* RickAndMortyAppUITestsLaunchTests.swift */,
			);
			path = RickAndMortyAppUITests;
			sourceTree = "<group>";
		};
		574A279C2A0ADE45002C2DB2 /* Sources */ = {
			isa = PBXGroup;
			children = (
				573143C42A0B2E7C0087AAAE /* Model */,
				573143BF2A0B0DF30087AAAE /* ListCharacter */,
				573143B92A0B08E10087AAAE /* API */,
				574A279D2A0ADF3E002C2DB2 /* Application */,
				574A279E2A0ADF5A002C2DB2 /* Home */,
			);
			path = Sources;
			sourceTree = "<group>";
		};
		574A279D2A0ADF3E002C2DB2 /* Application */ = {
			isa = PBXGroup;
			children = (
				574A277A2A0ADBAE002C2DB2 /* Info.plist */,
				574A276E2A0ADBAD002C2DB2 /* SceneDelegate.swift */,
				574A276C2A0ADBAD002C2DB2 /* AppDelegate.swift */,
				573143C22A0B28190087AAAE /* Api.plist */,
			);
			path = Application;
			sourceTree = "<group>";
		};
		574A279E2A0ADF5A002C2DB2 /* Home */ = {
			isa = PBXGroup;
			children = (
				574A27702A0ADBAD002C2DB2 /* ViewController.swift */,
			);
			path = Home;
			sourceTree = "<group>";
		};
		574A279F2A0ADF88002C2DB2 /* Resources */ = {
			isa = PBXGroup;
			children = (
				574A27752A0ADBAE002C2DB2 /* Assets.xcassets */,
				574A27772A0ADBAE002C2DB2 /* LaunchScreen.storyboard */,
			);
			path = Resources;
			sourceTree = "<group>";
		};
		7FDC473CD8BA50571F5E08DD /* Pods */ = {
			isa = PBXGroup;
			children = (
				7BF26F7CD86D94A283573F26 /* Pods-RickAndMortyApp.debug.xcconfig */,
				C929ACA9BA52D30721F1E29A /* Pods-RickAndMortyApp.release.xcconfig */,
				79EC0FE004C0F3B6C99E512F /* Pods-RickAndMortyApp-RickAndMortyAppUITests.debug.xcconfig */,
				DB038692B075435826E8B840 /* Pods-RickAndMortyApp-RickAndMortyAppUITests.release.xcconfig */,
				E839649BDE15CD563261AE47 /* Pods-RickAndMortyAppTests.debug.xcconfig */,
				C440449AEADAEF95870B51C1 /* Pods-RickAndMortyAppTests.release.xcconfig */,
			);
			path = Pods;
			sourceTree = "<group>";
		};
		8B067C65CE4CC350C0063BD2 /* Frameworks */ = {
			isa = PBXGroup;
			children = (
				723055B6F4A166A4B6B5242D /* Pods_RickAndMortyApp.framework */,
				08A5E33ACE046AE5E1D73F14 /* Pods_RickAndMortyApp_RickAndMortyAppUITests.framework */,
				38B69E89364155A6812B6DD7 /* Pods_RickAndMortyAppTests.framework */,
			);
			name = Frameworks;
			sourceTree = "<group>";
		};
/* End PBXGroup section */

/* Begin PBXNativeTarget section */
		574A27682A0ADBAD002C2DB2 /* RickAndMortyApp */ = {
			isa = PBXNativeTarget;
			buildConfigurationList = 574A27932A0ADBAE002C2DB2 /* Build configuration list for PBXNativeTarget "RickAndMortyApp" */;
			buildPhases = (
				B9466EBE2255533CA700221F /* [CP] Check Pods Manifest.lock */,
				574A27652A0ADBAD002C2DB2 /* Sources */,
				574A27662A0ADBAD002C2DB2 /* Frameworks */,
				574A27672A0ADBAD002C2DB2 /* Resources */,
				E9F4112C06A6868457E94926 /* [CP] Embed Pods Frameworks */,
			);
			buildRules = (
			);
			dependencies = (
			);
			name = RickAndMortyApp;
			productName = RickAndMortyApp;
			productReference = 574A27692A0ADBAD002C2DB2 /* RickAndMortyApp.app */;
			productType = "com.apple.product-type.application";
		};
		574A277E2A0ADBAE002C2DB2 /* RickAndMortyAppTests */ = {
			isa = PBXNativeTarget;
			buildConfigurationList = 574A27962A0ADBAE002C2DB2 /* Build configuration list for PBXNativeTarget "RickAndMortyAppTests" */;
			buildPhases = (
				725138FEBDF1DC4F9A3DB1D1 /* [CP] Check Pods Manifest.lock */,
				574A277B2A0ADBAE002C2DB2 /* Sources */,
				574A277C2A0ADBAE002C2DB2 /* Frameworks */,
				574A277D2A0ADBAE002C2DB2 /* Resources */,
			);
			buildRules = (
			);
			dependencies = (
				574A27812A0ADBAE002C2DB2 /* PBXTargetDependency */,
			);
			name = RickAndMortyAppTests;
			productName = RickAndMortyAppTests;
			productReference = 574A277F2A0ADBAE002C2DB2 /* RickAndMortyAppTests.xctest */;
			productType = "com.apple.product-type.bundle.unit-test";
		};
		574A27882A0ADBAE002C2DB2 /* RickAndMortyAppUITests */ = {
			isa = PBXNativeTarget;
			buildConfigurationList = 574A27992A0ADBAE002C2DB2 /* Build configuration list for PBXNativeTarget "RickAndMortyAppUITests" */;
			buildPhases = (
				4070CB2ABC9D5FC5A1F9F43A /* [CP] Check Pods Manifest.lock */,
				574A27852A0ADBAE002C2DB2 /* Sources */,
				574A27862A0ADBAE002C2DB2 /* Frameworks */,
				574A27872A0ADBAE002C2DB2 /* Resources */,
				588803EB33BC3807917BC2B5 /* [CP] Embed Pods Frameworks */,
			);
			buildRules = (
			);
			dependencies = (
				574A278B2A0ADBAE002C2DB2 /* PBXTargetDependency */,
			);
			name = RickAndMortyAppUITests;
			productName = RickAndMortyAppUITests;
			productReference = 574A27892A0ADBAE002C2DB2 /* RickAndMortyAppUITests.xctest */;
			productType = "com.apple.product-type.bundle.ui-testing";
		};
/* End PBXNativeTarget section */

/* Begin PBXProject section */
		574A27612A0ADBAD002C2DB2 /* Project object */ = {
			isa = PBXProject;
			attributes = {
				BuildIndependentTargetsInParallel = 1;
				LastSwiftUpdateCheck = 1430;
				LastUpgradeCheck = 1430;
				TargetAttributes = {
					574A27682A0ADBAD002C2DB2 = {
						CreatedOnToolsVersion = 14.3;
					};
					574A277E2A0ADBAE002C2DB2 = {
						CreatedOnToolsVersion = 14.3;
						TestTargetID = 574A27682A0ADBAD002C2DB2;
					};
					574A27882A0ADBAE002C2DB2 = {
						CreatedOnToolsVersion = 14.3;
						TestTargetID = 574A27682A0ADBAD002C2DB2;
					};
				};
			};
			buildConfigurationList = 574A27642A0ADBAD002C2DB2 /* Build configuration list for PBXProject "RickAndMortyApp" */;
			compatibilityVersion = "Xcode 14.0";
			developmentRegion = en;
			hasScannedForEncodings = 0;
			knownRegions = (
				en,
				Base,
			);
			mainGroup = 574A27602A0ADBAD002C2DB2;
			productRefGroup = 574A276A2A0ADBAD002C2DB2 /* Products */;
			projectDirPath = "";
			projectRoot = "";
			targets = (
				574A27682A0ADBAD002C2DB2 /* RickAndMortyApp */,
				574A277E2A0ADBAE002C2DB2 /* RickAndMortyAppTests */,
				574A27882A0ADBAE002C2DB2 /* RickAndMortyAppUITests */,
			);
		};
/* End PBXProject section */

/* Begin PBXResourcesBuildPhase section */
		574A27672A0ADBAD002C2DB2 /* Resources */ = {
			isa = PBXResourcesBuildPhase;
			buildActionMask = 2147483647;
			files = (
				574A27792A0ADBAE002C2DB2 /* LaunchScreen.storyboard in Resources */,
				573143C32A0B28190087AAAE /* Api.plist in Resources */,
				574A27762A0ADBAE002C2DB2 /* Assets.xcassets in Resources */,
			);
			runOnlyForDeploymentPostprocessing = 0;
		};
		574A277D2A0ADBAE002C2DB2 /* Resources */ = {
			isa = PBXResourcesBuildPhase;
			buildActionMask = 2147483647;
			files = (
			);
			runOnlyForDeploymentPostprocessing = 0;
		};
		574A27872A0ADBAE002C2DB2 /* Resources */ = {
			isa = PBXResourcesBuildPhase;
			buildActionMask = 2147483647;
			files = (
			);
			runOnlyForDeploymentPostprocessing = 0;
		};
/* End PBXResourcesBuildPhase section */

/* Begin PBXShellScriptBuildPhase section */
		4070CB2ABC9D5FC5A1F9F43A /* [CP] Check Pods Manifest.lock */ = {
			isa = PBXShellScriptBuildPhase;
			buildActionMask = 2147483647;
			files = (
			);
			inputFileListPaths = (
			);
			inputPaths = (
				"${PODS_PODFILE_DIR_PATH}/Podfile.lock",
				"${PODS_ROOT}/Manifest.lock",
			);
			name = "[CP] Check Pods Manifest.lock";
			outputFileListPaths = (
			);
			outputPaths = (
				"$(DERIVED_FILE_DIR)/Pods-RickAndMortyApp-RickAndMortyAppUITests-checkManifestLockResult.txt",
			);
			runOnlyForDeploymentPostprocessing = 0;
			shellPath = /bin/sh;
			shellScript = "diff \"${PODS_PODFILE_DIR_PATH}/Podfile.lock\" \"${PODS_ROOT}/Manifest.lock\" > /dev/null\nif [ $? != 0 ] ; then\n    # print error to STDERR\n    echo \"error: The sandbox is not in sync with the Podfile.lock. Run 'pod install' or update your CocoaPods installation.\" >&2\n    exit 1\nfi\n# This output is used by Xcode 'outputs' to avoid re-running this script phase.\necho \"SUCCESS\" > \"${SCRIPT_OUTPUT_FILE_0}\"\n";
			showEnvVarsInLog = 0;
		};
		588803EB33BC3807917BC2B5 /* [CP] Embed Pods Frameworks */ = {
			isa = PBXShellScriptBuildPhase;
			buildActionMask = 2147483647;
			files = (
			);
			inputFileListPaths = (
				"${PODS_ROOT}/Target Support Files/Pods-RickAndMortyApp-RickAndMortyAppUITests/Pods-RickAndMortyApp-RickAndMortyAppUITests-frameworks-${CONFIGURATION}-input-files.xcfilelist",
			);
			name = "[CP] Embed Pods Frameworks";
			outputFileListPaths = (
				"${PODS_ROOT}/Target Support Files/Pods-RickAndMortyApp-RickAndMortyAppUITests/Pods-RickAndMortyApp-RickAndMortyAppUITests-frameworks-${CONFIGURATION}-output-files.xcfilelist",
			);
			runOnlyForDeploymentPostprocessing = 0;
			shellPath = /bin/sh;
			shellScript = "\"${PODS_ROOT}/Target Support Files/Pods-RickAndMortyApp-RickAndMortyAppUITests/Pods-RickAndMortyApp-RickAndMortyAppUITests-frameworks.sh\"\n";
			showEnvVarsInLog = 0;
		};
		725138FEBDF1DC4F9A3DB1D1 /* [CP] Check Pods Manifest.lock */ = {
			isa = PBXShellScriptBuildPhase;
			buildActionMask = 2147483647;
			files = (
			);
			inputFileListPaths = (
			);
			inputPaths = (
				"${PODS_PODFILE_DIR_PATH}/Podfile.lock",
				"${PODS_ROOT}/Manifest.lock",
			);
			name = "[CP] Check Pods Manifest.lock";
			outputFileListPaths = (
			);
			outputPaths = (
				"$(DERIVED_FILE_DIR)/Pods-RickAndMortyAppTests-checkManifestLockResult.txt",
			);
			runOnlyForDeploymentPostprocessing = 0;
			shellPath = /bin/sh;
			shellScript = "diff \"${PODS_PODFILE_DIR_PATH}/Podfile.lock\" \"${PODS_ROOT}/Manifest.lock\" > /dev/null\nif [ $? != 0 ] ; then\n    # print error to STDERR\n    echo \"error: The sandbox is not in sync with the Podfile.lock. Run 'pod install' or update your CocoaPods installation.\" >&2\n    exit 1\nfi\n# This output is used by Xcode 'outputs' to avoid re-running this script phase.\necho \"SUCCESS\" > \"${SCRIPT_OUTPUT_FILE_0}\"\n";
			showEnvVarsInLog = 0;
		};
		B9466EBE2255533CA700221F /* [CP] Check Pods Manifest.lock */ = {
			isa = PBXShellScriptBuildPhase;
			buildActionMask = 2147483647;
			files = (
			);
			inputFileListPaths = (
			);
			inputPaths = (
				"${PODS_PODFILE_DIR_PATH}/Podfile.lock",
				"${PODS_ROOT}/Manifest.lock",
			);
			name = "[CP] Check Pods Manifest.lock";
			outputFileListPaths = (
			);
			outputPaths = (
				"$(DERIVED_FILE_DIR)/Pods-RickAndMortyApp-checkManifestLockResult.txt",
			);
			runOnlyForDeploymentPostprocessing = 0;
			shellPath = /bin/sh;
			shellScript = "diff \"${PODS_PODFILE_DIR_PATH}/Podfile.lock\" \"${PODS_ROOT}/Manifest.lock\" > /dev/null\nif [ $? != 0 ] ; then\n    # print error to STDERR\n    echo \"error: The sandbox is not in sync with the Podfile.lock. Run 'pod install' or update your CocoaPods installation.\" >&2\n    exit 1\nfi\n# This output is used by Xcode 'outputs' to avoid re-running this script phase.\necho \"SUCCESS\" > \"${SCRIPT_OUTPUT_FILE_0}\"\n";
			showEnvVarsInLog = 0;
		};
		E9F4112C06A6868457E94926 /* [CP] Embed Pods Frameworks */ = {
			isa = PBXShellScriptBuildPhase;
			buildActionMask = 2147483647;
			files = (
			);
			inputFileListPaths = (
				"${PODS_ROOT}/Target Support Files/Pods-RickAndMortyApp/Pods-RickAndMortyApp-frameworks-${CONFIGURATION}-input-files.xcfilelist",
			);
			name = "[CP] Embed Pods Frameworks";
			outputFileListPaths = (
				"${PODS_ROOT}/Target Support Files/Pods-RickAndMortyApp/Pods-RickAndMortyApp-frameworks-${CONFIGURATION}-output-files.xcfilelist",
			);
			runOnlyForDeploymentPostprocessing = 0;
			shellPath = /bin/sh;
			shellScript = "\"${PODS_ROOT}/Target Support Files/Pods-RickAndMortyApp/Pods-RickAndMortyApp-frameworks.sh\"\n";
			showEnvVarsInLog = 0;
		};
/* End PBXShellScriptBuildPhase section */

/* Begin PBXSourcesBuildPhase section */
		574A27652A0ADBAD002C2DB2 /* Sources */ = {
			isa = PBXSourcesBuildPhase;
			buildActionMask = 2147483647;
			files = (
				573143BB2A0B092E0087AAAE /* APIManagerProvider.swift in Sources */,
				573143BD2A0B09420087AAAE /* APIManagerFactory.swift in Sources */,
				573143B82A0B04960087AAAE /* APIManager.swift in Sources */,
				573143C12A0B0EC20087AAAE /* CharacterListViewModel.swift in Sources */,
				574A27712A0ADBAD002C2DB2 /* ViewController.swift in Sources */,
				574A276D2A0ADBAD002C2DB2 /* AppDelegate.swift in Sources */,
				573143C62A0B2EA80087AAAE /* CharacterListResponse.swift in Sources */,
				574A276F2A0ADBAD002C2DB2 /* SceneDelegate.swift in Sources */,
			);
			runOnlyForDeploymentPostprocessing = 0;
		};
		574A277B2A0ADBAE002C2DB2 /* Sources */ = {
			isa = PBXSourcesBuildPhase;
			buildActionMask = 2147483647;
			files = (
				574A27842A0ADBAE002C2DB2 /* RickAndMortyAppTests.swift in Sources */,
			);
			runOnlyForDeploymentPostprocessing = 0;
		};
		574A27852A0ADBAE002C2DB2 /* Sources */ = {
			isa = PBXSourcesBuildPhase;
			buildActionMask = 2147483647;
			files = (
				574A278E2A0ADBAE002C2DB2 /* RickAndMortyAppUITests.swift in Sources */,
				574A27902A0ADBAE002C2DB2 /* RickAndMortyAppUITestsLaunchTests.swift in Sources */,
			);
			runOnlyForDeploymentPostprocessing = 0;
		};
/* End PBXSourcesBuildPhase section */

/* Begin PBXTargetDependency section */
		574A27812A0ADBAE002C2DB2 /* PBXTargetDependency */ = {
			isa = PBXTargetDependency;
			target = 574A27682A0ADBAD002C2DB2 /* RickAndMortyApp */;
			targetProxy = 574A27802A0ADBAE002C2DB2 /* PBXContainerItemProxy */;
		};
		574A278B2A0ADBAE002C2DB2 /* PBXTargetDependency */ = {
			isa = PBXTargetDependency;
			target = 574A27682A0ADBAD002C2DB2 /* RickAndMortyApp */;
			targetProxy = 574A278A2A0ADBAE002C2DB2 /* PBXContainerItemProxy */;
		};
/* End PBXTargetDependency section */

/* Begin PBXVariantGroup section */
		574A27772A0ADBAE002C2DB2 /* LaunchScreen.storyboard */ = {
			isa = PBXVariantGroup;
			children = (
				574A27782A0ADBAE002C2DB2 /* Base */,
			);
			name = LaunchScreen.storyboard;
			sourceTree = "<group>";
		};
/* End PBXVariantGroup section */

/* Begin XCBuildConfiguration section */
		574A27912A0ADBAE002C2DB2 /* Debug */ = {
			isa = XCBuildConfiguration;
			buildSettings = {
				ALWAYS_SEARCH_USER_PATHS = NO;
				CLANG_ANALYZER_NONNULL = YES;
				CLANG_ANALYZER_NUMBER_OBJECT_CONVERSION = YES_AGGRESSIVE;
				CLANG_CXX_LANGUAGE_STANDARD = "gnu++20";
				CLANG_ENABLE_MODULES = YES;
				CLANG_ENABLE_OBJC_ARC = YES;
				CLANG_ENABLE_OBJC_WEAK = YES;
				CLANG_WARN_BLOCK_CAPTURE_AUTORELEASING = YES;
				CLANG_WARN_BOOL_CONVERSION = YES;
				CLANG_WARN_COMMA = YES;
				CLANG_WARN_CONSTANT_CONVERSION = YES;
				CLANG_WARN_DEPRECATED_OBJC_IMPLEMENTATIONS = YES;
				CLANG_WARN_DIRECT_OBJC_ISA_USAGE = YES_ERROR;
				CLANG_WARN_DOCUMENTATION_COMMENTS = YES;
				CLANG_WARN_EMPTY_BODY = YES;
				CLANG_WARN_ENUM_CONVERSION = YES;
				CLANG_WARN_INFINITE_RECURSION = YES;
				CLANG_WARN_INT_CONVERSION = YES;
				CLANG_WARN_NON_LITERAL_NULL_CONVERSION = YES;
				CLANG_WARN_OBJC_IMPLICIT_RETAIN_SELF = YES;
				CLANG_WARN_OBJC_LITERAL_CONVERSION = YES;
				CLANG_WARN_OBJC_ROOT_CLASS = YES_ERROR;
				CLANG_WARN_QUOTED_INCLUDE_IN_FRAMEWORK_HEADER = YES;
				CLANG_WARN_RANGE_LOOP_ANALYSIS = YES;
				CLANG_WARN_STRICT_PROTOTYPES = YES;
				CLANG_WARN_SUSPICIOUS_MOVE = YES;
				CLANG_WARN_UNGUARDED_AVAILABILITY = YES_AGGRESSIVE;
				CLANG_WARN_UNREACHABLE_CODE = YES;
				CLANG_WARN__DUPLICATE_METHOD_MATCH = YES;
				COPY_PHASE_STRIP = NO;
				DEBUG_INFORMATION_FORMAT = dwarf;
				ENABLE_STRICT_OBJC_MSGSEND = YES;
				ENABLE_TESTABILITY = YES;
				GCC_C_LANGUAGE_STANDARD = gnu11;
				GCC_DYNAMIC_NO_PIC = NO;
				GCC_NO_COMMON_BLOCKS = YES;
				GCC_OPTIMIZATION_LEVEL = 0;
				GCC_PREPROCESSOR_DEFINITIONS = (
					"DEBUG=1",
					"$(inherited)",
				);
				GCC_WARN_64_TO_32_BIT_CONVERSION = YES;
				GCC_WARN_ABOUT_RETURN_TYPE = YES_ERROR;
				GCC_WARN_UNDECLARED_SELECTOR = YES;
				GCC_WARN_UNINITIALIZED_AUTOS = YES_AGGRESSIVE;
				GCC_WARN_UNUSED_FUNCTION = YES;
				GCC_WARN_UNUSED_VARIABLE = YES;
				IPHONEOS_DEPLOYMENT_TARGET = 13.0;
				MTL_ENABLE_DEBUG_INFO = INCLUDE_SOURCE;
				MTL_FAST_MATH = YES;
				ONLY_ACTIVE_ARCH = YES;
				SDKROOT = iphoneos;
				SWIFT_ACTIVE_COMPILATION_CONDITIONS = DEBUG;
				SWIFT_OPTIMIZATION_LEVEL = "-Onone";
			};
			name = Debug;
		};
		574A27922A0ADBAE002C2DB2 /* Release */ = {
			isa = XCBuildConfiguration;
			buildSettings = {
				ALWAYS_SEARCH_USER_PATHS = NO;
				CLANG_ANALYZER_NONNULL = YES;
				CLANG_ANALYZER_NUMBER_OBJECT_CONVERSION = YES_AGGRESSIVE;
				CLANG_CXX_LANGUAGE_STANDARD = "gnu++20";
				CLANG_ENABLE_MODULES = YES;
				CLANG_ENABLE_OBJC_ARC = YES;
				CLANG_ENABLE_OBJC_WEAK = YES;
				CLANG_WARN_BLOCK_CAPTURE_AUTORELEASING = YES;
				CLANG_WARN_BOOL_CONVERSION = YES;
				CLANG_WARN_COMMA = YES;
				CLANG_WARN_CONSTANT_CONVERSION = YES;
				CLANG_WARN_DEPRECATED_OBJC_IMPLEMENTATIONS = YES;
				CLANG_WARN_DIRECT_OBJC_ISA_USAGE = YES_ERROR;
				CLANG_WARN_DOCUMENTATION_COMMENTS = YES;
				CLANG_WARN_EMPTY_BODY = YES;
				CLANG_WARN_ENUM_CONVERSION = YES;
				CLANG_WARN_INFINITE_RECURSION = YES;
				CLANG_WARN_INT_CONVERSION = YES;
				CLANG_WARN_NON_LITERAL_NULL_CONVERSION = YES;
				CLANG_WARN_OBJC_IMPLICIT_RETAIN_SELF = YES;
				CLANG_WARN_OBJC_LITERAL_CONVERSION = YES;
				CLANG_WARN_OBJC_ROOT_CLASS = YES_ERROR;
				CLANG_WARN_QUOTED_INCLUDE_IN_FRAMEWORK_HEADER = YES;
				CLANG_WARN_RANGE_LOOP_ANALYSIS = YES;
				CLANG_WARN_STRICT_PROTOTYPES = YES;
				CLANG_WARN_SUSPICIOUS_MOVE = YES;
				CLANG_WARN_UNGUARDED_AVAILABILITY = YES_AGGRESSIVE;
				CLANG_WARN_UNREACHABLE_CODE = YES;
				CLANG_WARN__DUPLICATE_METHOD_MATCH = YES;
				COPY_PHASE_STRIP = NO;
				DEBUG_INFORMATION_FORMAT = "dwarf-with-dsym";
				ENABLE_NS_ASSERTIONS = NO;
				ENABLE_STRICT_OBJC_MSGSEND = YES;
				GCC_C_LANGUAGE_STANDARD = gnu11;
				GCC_NO_COMMON_BLOCKS = YES;
				GCC_WARN_64_TO_32_BIT_CONVERSION = YES;
				GCC_WARN_ABOUT_RETURN_TYPE = YES_ERROR;
				GCC_WARN_UNDECLARED_SELECTOR = YES;
				GCC_WARN_UNINITIALIZED_AUTOS = YES_AGGRESSIVE;
				GCC_WARN_UNUSED_FUNCTION = YES;
				GCC_WARN_UNUSED_VARIABLE = YES;
				IPHONEOS_DEPLOYMENT_TARGET = 13.0;
				MTL_ENABLE_DEBUG_INFO = NO;
				MTL_FAST_MATH = YES;
				SDKROOT = iphoneos;
				SWIFT_COMPILATION_MODE = wholemodule;
				SWIFT_OPTIMIZATION_LEVEL = "-O";
				VALIDATE_PRODUCT = YES;
			};
			name = Release;
		};
		574A27942A0ADBAE002C2DB2 /* Debug */ = {
			isa = XCBuildConfiguration;
			baseConfigurationReference = 7BF26F7CD86D94A283573F26 /* Pods-RickAndMortyApp.debug.xcconfig */;
			buildSettings = {
				ASSETCATALOG_COMPILER_APPICON_NAME = AppIcon;
				ASSETCATALOG_COMPILER_GLOBAL_ACCENT_COLOR_NAME = AccentColor;
				CODE_SIGN_STYLE = Automatic;
				CURRENT_PROJECT_VERSION = 1;
				DEVELOPMENT_TEAM = XN3A73TYGD;
				GENERATE_INFOPLIST_FILE = YES;
				INFOPLIST_FILE = RickAndMortyApp/Resources/Info.plist;
				INFOPLIST_KEY_UIApplicationSupportsIndirectInputEvents = YES;
				INFOPLIST_KEY_UILaunchStoryboardName = LaunchScreen;
				INFOPLIST_KEY_UIMainStoryboardFile = LaunchScreen;
				INFOPLIST_KEY_UISupportedInterfaceOrientations_iPad = "UIInterfaceOrientationPortrait UIInterfaceOrientationPortraitUpsideDown UIInterfaceOrientationLandscapeLeft UIInterfaceOrientationLandscapeRight";
				INFOPLIST_KEY_UISupportedInterfaceOrientations_iPhone = "UIInterfaceOrientationPortrait UIInterfaceOrientationLandscapeLeft UIInterfaceOrientationLandscapeRight";
				IPHONEOS_DEPLOYMENT_TARGET = 13.0;
				LD_RUNPATH_SEARCH_PATHS = (
					"$(inherited)",
					"@executable_path/Frameworks",
				);
				MARKETING_VERSION = 1.0;
				PRODUCT_BUNDLE_IDENTIFIER = com.victorbritto.RickAndMortyApp;
				PRODUCT_NAME = "$(TARGET_NAME)";
				SWIFT_EMIT_LOC_STRINGS = YES;
				SWIFT_VERSION = 5.0;
				TARGETED_DEVICE_FAMILY = "1,2";
			};
			name = Debug;
		};
		574A27952A0ADBAE002C2DB2 /* Release */ = {
			isa = XCBuildConfiguration;
			baseConfigurationReference = C929ACA9BA52D30721F1E29A /* Pods-RickAndMortyApp.release.xcconfig */;
			buildSettings = {
				ASSETCATALOG_COMPILER_APPICON_NAME = AppIcon;
				ASSETCATALOG_COMPILER_GLOBAL_ACCENT_COLOR_NAME = AccentColor;
				CODE_SIGN_STYLE = Automatic;
				CURRENT_PROJECT_VERSION = 1;
				DEVELOPMENT_TEAM = XN3A73TYGD;
				GENERATE_INFOPLIST_FILE = YES;
				INFOPLIST_FILE = RickAndMortyApp/Resources/Info.plist;
				INFOPLIST_KEY_UIApplicationSupportsIndirectInputEvents = YES;
				INFOPLIST_KEY_UILaunchStoryboardName = LaunchScreen;
				INFOPLIST_KEY_UIMainStoryboardFile = LaunchScreen;
				INFOPLIST_KEY_UISupportedInterfaceOrientations_iPad = "UIInterfaceOrientationPortrait UIInterfaceOrientationPortraitUpsideDown UIInterfaceOrientationLandscapeLeft UIInterfaceOrientationLandscapeRight";
				INFOPLIST_KEY_UISupportedInterfaceOrientations_iPhone = "UIInterfaceOrientationPortrait UIInterfaceOrientationLandscapeLeft UIInterfaceOrientationLandscapeRight";
				IPHONEOS_DEPLOYMENT_TARGET = 13.0;
				LD_RUNPATH_SEARCH_PATHS = (
					"$(inherited)",
					"@executable_path/Frameworks",
				);
				MARKETING_VERSION = 1.0;
				PRODUCT_BUNDLE_IDENTIFIER = com.victorbritto.RickAndMortyApp;
				PRODUCT_NAME = "$(TARGET_NAME)";
				SWIFT_EMIT_LOC_STRINGS = YES;
				SWIFT_VERSION = 5.0;
				TARGETED_DEVICE_FAMILY = "1,2";
			};
			name = Release;
		};
		574A27972A0ADBAE002C2DB2 /* Debug */ = {
			isa = XCBuildConfiguration;
			baseConfigurationReference = E839649BDE15CD563261AE47 /* Pods-RickAndMortyAppTests.debug.xcconfig */;
			buildSettings = {
				ALWAYS_EMBED_SWIFT_STANDARD_LIBRARIES = YES;
				BUNDLE_LOADER = "$(TEST_HOST)";
				CODE_SIGN_STYLE = Automatic;
				CURRENT_PROJECT_VERSION = 1;
				DEVELOPMENT_TEAM = XN3A73TYGD;
				GENERATE_INFOPLIST_FILE = YES;
				IPHONEOS_DEPLOYMENT_TARGET = 13.0;
				MARKETING_VERSION = 1.0;
				PRODUCT_BUNDLE_IDENTIFIER = com.victorbritto.RickAndMortyAppTests;
				PRODUCT_NAME = "$(TARGET_NAME)";
				SWIFT_EMIT_LOC_STRINGS = NO;
				SWIFT_VERSION = 5.0;
				TARGETED_DEVICE_FAMILY = "1,2";
				TEST_HOST = "$(BUILT_PRODUCTS_DIR)/RickAndMortyApp.app/$(BUNDLE_EXECUTABLE_FOLDER_PATH)/RickAndMortyApp";
			};
			name = Debug;
		};
		574A27982A0ADBAE002C2DB2 /* Release */ = {
			isa = XCBuildConfiguration;
			baseConfigurationReference = C440449AEADAEF95870B51C1 /* Pods-RickAndMortyAppTests.release.xcconfig */;
			buildSettings = {
				ALWAYS_EMBED_SWIFT_STANDARD_LIBRARIES = YES;
				BUNDLE_LOADER = "$(TEST_HOST)";
				CODE_SIGN_STYLE = Automatic;
				CURRENT_PROJECT_VERSION = 1;
				DEVELOPMENT_TEAM = XN3A73TYGD;
				GENERATE_INFOPLIST_FILE = YES;
				IPHONEOS_DEPLOYMENT_TARGET = 13.0;
				MARKETING_VERSION = 1.0;
				PRODUCT_BUNDLE_IDENTIFIER = com.victorbritto.RickAndMortyAppTests;
				PRODUCT_NAME = "$(TARGET_NAME)";
				SWIFT_EMIT_LOC_STRINGS = NO;
				SWIFT_VERSION = 5.0;
				TARGETED_DEVICE_FAMILY = "1,2";
				TEST_HOST = "$(BUILT_PRODUCTS_DIR)/RickAndMortyApp.app/$(BUNDLE_EXECUTABLE_FOLDER_PATH)/RickAndMortyApp";
			};
			name = Release;
		};
		574A279A2A0ADBAE002C2DB2 /* Debug */ = {
			isa = XCBuildConfiguration;
			baseConfigurationReference = 79EC0FE004C0F3B6C99E512F /* Pods-RickAndMortyApp-RickAndMortyAppUITests.debug.xcconfig */;
			buildSettings = {
				ALWAYS_EMBED_SWIFT_STANDARD_LIBRARIES = YES;
				CODE_SIGN_STYLE = Automatic;
				CURRENT_PROJECT_VERSION = 1;
				DEVELOPMENT_TEAM = XN3A73TYGD;
				GENERATE_INFOPLIST_FILE = YES;
				MARKETING_VERSION = 1.0;
				PRODUCT_BUNDLE_IDENTIFIER = com.victorbritto.RickAndMortyAppUITests;
				PRODUCT_NAME = "$(TARGET_NAME)";
				SWIFT_EMIT_LOC_STRINGS = NO;
				SWIFT_VERSION = 5.0;
				TARGETED_DEVICE_FAMILY = "1,2";
				TEST_TARGET_NAME = RickAndMortyApp;
			};
			name = Debug;
		};
		574A279B2A0ADBAE002C2DB2 /* Release */ = {
			isa = XCBuildConfiguration;
			baseConfigurationReference = DB038692B075435826E8B840 /* Pods-RickAndMortyApp-RickAndMortyAppUITests.release.xcconfig */;
			buildSettings = {
				ALWAYS_EMBED_SWIFT_STANDARD_LIBRARIES = YES;
				CODE_SIGN_STYLE = Automatic;
				CURRENT_PROJECT_VERSION = 1;
				DEVELOPMENT_TEAM = XN3A73TYGD;
				GENERATE_INFOPLIST_FILE = YES;
				MARKETING_VERSION = 1.0;
				PRODUCT_BUNDLE_IDENTIFIER = com.victorbritto.RickAndMortyAppUITests;
				PRODUCT_NAME = "$(TARGET_NAME)";
				SWIFT_EMIT_LOC_STRINGS = NO;
				SWIFT_VERSION = 5.0;
				TARGETED_DEVICE_FAMILY = "1,2";
				TEST_TARGET_NAME = RickAndMortyApp;
			};
			name = Release;
		};
/* End XCBuildConfiguration section */

/* Begin XCConfigurationList section */
		574A27642A0ADBAD002C2DB2 /* Build configuration list for PBXProject "RickAndMortyApp" */ = {
			isa = XCConfigurationList;
			buildConfigurations = (
				574A27912A0ADBAE002C2DB2 /* Debug */,
				574A27922A0ADBAE002C2DB2 /* Release */,
			);
			defaultConfigurationIsVisible = 0;
			defaultConfigurationName = Release;
		};
		574A27932A0ADBAE002C2DB2 /* Build configuration list for PBXNativeTarget "RickAndMortyApp" */ = {
			isa = XCConfigurationList;
			buildConfigurations = (
				574A27942A0ADBAE002C2DB2 /* Debug */,
				574A27952A0ADBAE002C2DB2 /* Release */,
			);
			defaultConfigurationIsVisible = 0;
			defaultConfigurationName = Release;
		};
		574A27962A0ADBAE002C2DB2 /* Build configuration list for PBXNativeTarget "RickAndMortyAppTests" */ = {
			isa = XCConfigurationList;
			buildConfigurations = (
				574A27972A0ADBAE002C2DB2 /* Debug */,
				574A27982A0ADBAE002C2DB2 /* Release */,
			);
			defaultConfigurationIsVisible = 0;
			defaultConfigurationName = Release;
		};
		574A27992A0ADBAE002C2DB2 /* Build configuration list for PBXNativeTarget "RickAndMortyAppUITests" */ = {
			isa = XCConfigurationList;
			buildConfigurations = (
				574A279A2A0ADBAE002C2DB2 /* Debug */,
				574A279B2A0ADBAE002C2DB2 /* Release */,
			);
			defaultConfigurationIsVisible = 0;
			defaultConfigurationName = Release;
		};
/* End XCConfigurationList section */
	};
	rootObject = 574A27612A0ADBAD002C2DB2 /* Project object */;
}
